
Microsoft Visual Studio Solution File, Format Version 12.00
# Visual Studio Version 17
VisualStudioVersion = 17.2.32616.157
MinimumVisualStudioVersion = 10.0.40219.1
Project("{9A19103F-16F7-4668-BE54-9A1E7A4F7556}") = "InventoryDemo", "InventoryDemo\InventoryDemo.csproj", "{7E07210D-9901-4C83-9DE2-2B771290EE8E}"
EndProject
Project("{FAE04EC0-301F-11D3-BF4B-00C04F79EFBC}") = "InventoryDemo.DataAccess", "InventoryDemo.DataAccess\InventoryDemo.DataAccess.csproj", "{528253AD-959C-4810-AEB4-A10442EC855F}"
EndProject
Project("{FAE04EC0-301F-11D3-BF4B-00C04F79EFBC}") = "InventoryDemo.DTOs", "InventoryDemo.DTOs\InventoryDemo.DTOs.csproj", "{3EB9D1A4-D5D6-4BEB-AE67-842E1D81B357}"
EndProject
Project("{FAE04EC0-301F-11D3-BF4B-00C04F79EFBC}") = "InventoryDemo.Business", "InventoryDemo.Business\InventoryDemo.Business.csproj", "{3268BE88-AD25-4726-9D78-8280D5388B48}"
EndProject
Project("{FAE04EC0-301F-11D3-BF4B-00C04F79EFBC}") = "InventoryDemo.Entities", "InventoryDemo.Entities\InventoryDemo.Entities.csproj", "{AD53B21C-0280-48CA-8FDA-748C4F1F4302}"
EndProject
Global
	GlobalSection(SolutionConfigurationPlatforms) = preSolution
		Debug|Any CPU = Debug|Any CPU
		Release|Any CPU = Release|Any CPU
	EndGlobalSection
	GlobalSection(ProjectConfigurationPlatforms) = postSolution
		{7E07210D-9901-4C83-9DE2-2B771290EE8E}.Debug|Any CPU.ActiveCfg = Debug|Any CPU
		{7E07210D-9901-4C83-9DE2-2B771290EE8E}.Debug|Any CPU.Build.0 = Debug|Any CPU
		{7E07210D-9901-4C83-9DE2-2B771290EE8E}.Release|Any CPU.ActiveCfg = Release|Any CPU
		{7E07210D-9901-4C83-9DE2-2B771290EE8E}.Release|Any CPU.Build.0 = Release|Any CPU
		{528253AD-959C-4810-AEB4-A10442EC855F}.Debug|Any CPU.ActiveCfg = Debug|Any CPU
		{528253AD-959C-4810-AEB4-A10442EC855F}.Debug|Any CPU.Build.0 = Debug|Any CPU
		{528253AD-959C-4810-AEB4-A10442EC855F}.Release|Any CPU.ActiveCfg = Release|Any CPU
		{528253AD-959C-4810-AEB4-A10442EC855F}.Release|Any CPU.Build.0 = Release|Any CPU
		{3EB9D1A4-D5D6-4BEB-AE67-842E1D81B357}.Debug|Any CPU.ActiveCfg = Debug|Any CPU
		{3EB9D1A4-D5D6-4BEB-AE67-842E1D81B357}.Debug|Any CPU.Build.0 = Debug|Any CPU
		{3EB9D1A4-D5D6-4BEB-AE67-842E1D81B357}.Release|Any CPU.ActiveCfg = Release|Any CPU
		{3EB9D1A4-D5D6-4BEB-AE67-842E1D81B357}.Release|Any CPU.Build.0 = Release|Any CPU
		{3268BE88-AD25-4726-9D78-8280D5388B48}.Debug|Any CPU.ActiveCfg = Debug|Any CPU
		{3268BE88-AD25-4726-9D78-8280D5388B48}.Debug|Any CPU.Build.0 = Debug|Any CPU
		{3268BE88-AD25-4726-9D78-8280D5388B48}.Release|Any CPU.ActiveCfg = Release|Any CPU
		{3268BE88-AD25-4726-9D78-8280D5388B48}.Release|Any CPU.Build.0 = Release|Any CPU
		{AD53B21C-0280-48CA-8FDA-748C4F1F4302}.Debug|Any CPU.ActiveCfg = Debug|Any CPU
		{AD53B21C-0280-48CA-8FDA-748C4F1F4302}.Debug|Any CPU.Build.0 = Debug|Any CPU
		{AD53B21C-0280-48CA-8FDA-748C4F1F4302}.Release|Any CPU.ActiveCfg = Release|Any CPU
		{AD53B21C-0280-48CA-8FDA-748C4F1F4302}.Release|Any CPU.Build.0 = Release|Any CPU
	EndGlobalSection
	GlobalSection(SolutionProperties) = preSolution
		HideSolutionNode = FALSE
	EndGlobalSection
	GlobalSection(ExtensibilityGlobals) = postSolution
		SolutionGuid = {462FB814-229F-4ADA-9646-EFB544531FF3}
	EndGlobalSection
EndGlobal
